
Microsoft Visual Studio Solution File, Format Version 12.00
# Visual Studio Version 17
VisualStudioVersion = 17.3.32901.215
MinimumVisualStudioVersion = 10.0.40219.1
Project("{FAE04EC0-301F-11D3-BF4B-00C04F79EFBC}") = "P5_4_1214062", "P5_4_1214062\P5_4_1214062.csproj", "{C8207571-C1DF-4432-A51D-C99CACB1E352}"
EndProject
Global
	GlobalSection(SolutionConfigurationPlatforms) = preSolution
		Debug|Any CPU = Debug|Any CPU
		Release|Any CPU = Release|Any CPU
	EndGlobalSection
	GlobalSection(ProjectConfigurationPlatforms) = postSolution
		{C8207571-C1DF-4432-A51D-C99CACB1E352}.Debug|Any CPU.ActiveCfg = Debug|Any CPU
		{C8207571-C1DF-4432-A51D-C99CACB1E352}.Debug|Any CPU.Build.0 = Debug|Any CPU
		{C8207571-C1DF-4432-A51D-C99CACB1E352}.Release|Any CPU.ActiveCfg = Release|Any CPU
		{C8207571-C1DF-4432-A51D-C99CACB1E352}.Release|Any CPU.Build.0 = Release|Any CPU
	EndGlobalSection
	GlobalSection(SolutionProperties) = preSolution
		HideSolutionNode = FALSE
	EndGlobalSection
	GlobalSection(ExtensibilityGlobals) = postSolution
		SolutionGuid = {6C1E4BEF-2ADD-4B71-B258-0FD8DC3D7F13}
	EndGlobalSection
EndGlobal
